
Microsoft Visual Studio Solution File, Format Version 12.00
# Visual Studio Version 17
VisualStudioVersion = 17.9.34728.123
MinimumVisualStudioVersion = 10.0.40219.1
Project("{FAE04EC0-301F-11D3-BF4B-00C04F79EFBC}") = "UserFormSubmission", "UserFormSubmission.csproj", "{C2AA9645-A103-4CCB-9120-E84BAC8083BE}"
EndProject
Global
	GlobalSection(SolutionConfigurationPlatforms) = preSolution
		Debug|Any CPU = Debug|Any CPU
		Release|Any CPU = Release|Any CPU
	EndGlobalSection
	GlobalSection(ProjectConfigurationPlatforms) = postSolution
		{C2AA9645-A103-4CCB-9120-E84BAC8083BE}.Debug|Any CPU.ActiveCfg = Debug|Any CPU
		{C2AA9645-A103-4CCB-9120-E84BAC8083BE}.Debug|Any CPU.Build.0 = Debug|Any CPU
		{C2AA9645-A103-4CCB-9120-E84BAC8083BE}.Release|Any CPU.ActiveCfg = Release|Any CPU
		{C2AA9645-A103-4CCB-9120-E84BAC8083BE}.Release|Any CPU.Build.0 = Release|Any CPU
	EndGlobalSection
	GlobalSection(SolutionProperties) = preSolution
		HideSolutionNode = FALSE
	EndGlobalSection
	GlobalSection(ExtensibilityGlobals) = postSolution
		SolutionGuid = {BCC765DB-3F6A-4CC1-AFFA-995AD554348B}
	EndGlobalSection
EndGlobal
